{"catalog_source_sha256":"c4c50bc8bb043d8e2ff4cc4d679cfe512c7dbcf89bd6d0bbb689f942e62cfce3","catalog_version":"1.0.0","generated_manifest_sha256":"e0dcc66915c1f849004f148d29c3e6963b021d29815ff7455445967b895a6716","pack_contracts":{"architecture":{"contract_version":1,"sha256":"1a99c4152503f309bcd9928e1241f9acca6e4d4bd4346340d0d3a1e3195d98de","trust":"builtin-data-only","version":"1.0.0"},"core":{"contract_version":1,"sha256":"545977223350b2a02aa59e30ac61d1a882d679b102bf2f2a9e70813ffce3c27e","trust":"builtin-data-only","version":"1.0.0"},"delivery":{"contract_version":1,"sha256":"448bc4cad1bd4af0cdcbe8a43d7401c414e7f8f347745537cafb50f691c9c4e1","trust":"builtin-data-only","version":"1.0.0"},"generic":{"contract_version":1,"sha256":"99ef848be6b9904d39272da47f0b3d97ad8a040cecc0a7ebc4a20c0adc23beab","trust":"builtin-data-only","version":"1.0.0"},"knowledge":{"contract_version":1,"sha256":"923de3c82837ae2757881aa17f2a85caad15c53c18c2fa00e4e57f9ab898e5da","trust":"builtin-data-only","version":"1.0.0"},"operations":{"contract_version":1,"sha256":"5a5d405623f2cdd9c3eea742b7c947a60704d2ad8fc9306c38798fb145b17148","trust":"builtin-data-only","version":"1.0.0"},"product":{"contract_version":1,"sha256":"ce6fc7eeee27046e719614737ecc5267ee8d23acc08c066d1d5fb53c4fff9fa1","trust":"builtin-data-only","version":"1.0.0"},"python":{"contract_version":1,"sha256":"b40ef0b677f18f45606d836ac07ce10b1dcfa58c008433c58ab2b21604f42738","trust":"builtin-data-only","version":"1.0.0"},"quality":{"contract_version":1,"sha256":"0f3336843eb8e4098e4b36a78e48776f64b8b3f238c4d41c9a175b4732cdff2d","trust":"builtin-data-only","version":"1.0.0"},"software-development":{"contract_version":1,"sha256":"854b2d1dfca95c651da35db22313b4f261bfadde8a530f836dd77e3bf9fef17d","trust":"builtin-data-only","version":"1.0.0"}},"pack_versions":{"architecture":"1.0.0","core":"1.0.0","delivery":"1.0.0","generic":"1.0.0","knowledge":"1.0.0","operations":"1.0.0","product":"1.0.0","python":"1.0.0","quality":"1.0.0","software-development":"1.0.0"},"packs":["architecture","core","delivery","generic","knowledge","operations","product","python","quality","software-development"],"schema_version":3,"schema_versions":{"configuration":1,"handoff":1,"lesson-proposal":1,"routing":1,"runtime":10,"telemetry":1,"work-item":1,"workflow":1},"tasktra_version":"1.0.0"}
